
Microsoft Visual Studio Solution File, Format Version 12.00
# Visual Studio Version 16
VisualStudioVersion = 16.0.32413.511
MinimumVisualStudioVersion = 10.0.40219.1
Project("{9A19103F-16F7-4668-BE54-9A1E7A4F7556}") = "Exercises", "Exercises\Exercises.csproj", "{8F63FEF0-BC85-4AFA-9811-2BFCFF3066E1}"
EndProject
Project("{FAE04EC0-301F-11D3-BF4B-00C04F79EFBC}") = "Exercise01", "Exercise01\Exercise01.csproj", "{15C92C6D-260F-4815-AD2B-9F934DBB7FAF}"
EndProject
Global
	GlobalSection(SolutionConfigurationPlatforms) = preSolution
		Debug|Any CPU = Debug|Any CPU
		Release|Any CPU = Release|Any CPU
	EndGlobalSection
	GlobalSection(ProjectConfigurationPlatforms) = postSolution
		{8F63FEF0-BC85-4AFA-9811-2BFCFF3066E1}.Debug|Any CPU.ActiveCfg = Debug|Any CPU
		{8F63FEF0-BC85-4AFA-9811-2BFCFF3066E1}.Debug|Any CPU.Build.0 = Debug|Any CPU
		{8F63FEF0-BC85-4AFA-9811-2BFCFF3066E1}.Release|Any CPU.ActiveCfg = Release|Any CPU
		{8F63FEF0-BC85-4AFA-9811-2BFCFF3066E1}.Release|Any CPU.Build.0 = Release|Any CPU
		{15C92C6D-260F-4815-AD2B-9F934DBB7FAF}.Debug|Any CPU.ActiveCfg = Debug|Any CPU
		{15C92C6D-260F-4815-AD2B-9F934DBB7FAF}.Debug|Any CPU.Build.0 = Debug|Any CPU
		{15C92C6D-260F-4815-AD2B-9F934DBB7FAF}.Release|Any CPU.ActiveCfg = Release|Any CPU
		{15C92C6D-260F-4815-AD2B-9F934DBB7FAF}.Release|Any CPU.Build.0 = Release|Any CPU
	EndGlobalSection
	GlobalSection(SolutionProperties) = preSolution
		HideSolutionNode = FALSE
	EndGlobalSection
	GlobalSection(ExtensibilityGlobals) = postSolution
		SolutionGuid = {4B1B5833-29F6-4BCB-9913-04A9F84ED0ED}
	EndGlobalSection
EndGlobal
